// !$*UTF8*$!
{
	archiveVersion = 1;
	classes = {
	};
	objectVersion = 48;
	objects = {

/* Begin PBXBuildFile section */
		61F3A59D20860A2500377E8A /* AppDelegate.m in Sources */ = {isa = PBXBuildFile; fileRef = 61F3A59C20860A2500377E8A /* AppDelegate.m */; };
		61F3A5A020860A2500377E8A /* ViewController.m in Sources */ = {isa = PBXBuildFile; fileRef = 61F3A59F20860A2500377E8A /* ViewController.m */; };
		61F3A5A320860A2500377E8A /* Main.storyboard in Resources */ = {isa = PBXBuildFile; fileRef = 61F3A5A120860A2500377E8A /* Main.storyboard */; };
		61F3A5A520860A2500377E8A /* Assets.xcassets in Resources */ = {isa = PBXBuildFile; fileRef = 61F3A5A420860A2500377E8A /* Assets.xcassets */; };
		61F3A5A820860A2500377E8A /* LaunchScreen.storyboard in Resources */ = {isa = PBXBuildFile; fileRef = 61F3A5A620860A2500377E8A /* LaunchScreen.storyboard */; };
		61F3A5AB20860A2500377E8A /* main.m in Sources */ = {isa = PBXBuildFile; fileRef = 61F3A5AA20860A2500377E8A /* main.m */; };
		61F3A5B520860A2500377E8A /* pg11fitnessTests.m in Sources */ = {isa = PBXBuildFile; fileRef = 61F3A5B420860A2500377E8A /* pg11fitnessTests.m */; };
		61F3A5C020860A2500377E8A /* pg11fitnessUITests.m in Sources */ = {isa = PBXBuildFile; fileRef = 61F3A5BF20860A2500377E8A /* pg11fitnessUITests.m */; };
		61F3A5D220860A3600377E8A /* 3.png in Resources */ = {isa = PBXBuildFile; fileRef = 61F3A5CD20860A3600377E8A /* 3.png */; };
		61F3A5D320860A3600377E8A /* 5.png in Resources */ = {isa = PBXBuildFile; fileRef = 61F3A5CE20860A3600377E8A /* 5.png */; };
		61F3A5D620860A3600377E8A /* 4.png in Resources */ = {isa = PBXBuildFile; fileRef = 61F3A5D120860A3600377E8A /* 4.png */; };
/* End PBXBuildFile section */

/* Begin PBXContainerItemProxy section */
		61F3A5B120860A2500377E8A /* PBXContainerItemProxy */ = {
			isa = PBXContainerItemProxy;
			containerPortal = 61F3A59020860A2500377E8A /* Project object */;
			proxyType = 1;
			remoteGlobalIDString = 61F3A59720860A2500377E8A;
			remoteInfo = pg11fitness;
		};
		61F3A5BC20860A2500377E8A /* PBXContainerItemProxy */ = {
			isa = PBXContainerItemProxy;
			containerPortal = 61F3A59020860A2500377E8A /* Project object */;
			proxyType = 1;
			remoteGlobalIDString = 61F3A59720860A2500377E8A;
			remoteInfo = pg11fitness;
		};
/* End PBXContainerItemProxy section */

/* Begin PBXFileReference section */
		61F3A59820860A2500377E8A /* pg11fitness.app */ = {isa = PBXFileReference; explicitFileType = wrapper.application; includeInIndex = 0; path = pg11fitness.app; sourceTree = BUILT_PRODUCTS_DIR; };
		61F3A59B20860A2500377E8A /* AppDelegate.h */ = {isa = PBXFileReference; lastKnownFileType = sourcecode.c.h; path = AppDelegate.h; sourceTree = "<group>"; };
		61F3A59C20860A2500377E8A /* AppDelegate.m */ = {isa = PBXFileReference; lastKnownFileType = sourcecode.c.objc; path = AppDelegate.m; sourceTree = "<group>"; };
		61F3A59E20860A2500377E8A /* ViewController.h */ = {isa = PBXFileReference; lastKnownFileType = sourcecode.c.h; path = ViewController.h; sourceTree = "<group>"; };
		61F3A59F20860A2500377E8A /* ViewController.m */ = {isa = PBXFileReference; lastKnownFileType = sourcecode.c.objc; path = ViewController.m; sourceTree = "<group>"; };
		61F3A5A220860A2500377E8A /* Base */ = {isa = PBXFileReference; lastKnownFileType = file.storyboard; name = Base; path = Base.lproj/Main.storyboard; sourceTree = "<group>"; };
		61F3A5A420860A2500377E8A /* Assets.xcassets */ = {isa = PBXFileReference; lastKnownFileType = folder.assetcatalog; path = Assets.xcassets; sourceTree = "<group>"; };
		61F3A5A720860A2500377E8A /* Base */ = {isa = PBXFileReference; lastKnownFileType = file.storyboard; name = Base; path = Base.lproj/LaunchScreen.storyboard; sourceTree = "<group>"; };
		61F3A5A920860A2500377E8A /* Info.plist */ = {isa = PBXFileReference; lastKnownFileType = text.plist.xml; path = Info.plist; sourceTree = "<group>"; };
		61F3A5AA20860A2500377E8A /* main.m */ = {isa = PBXFileReference; lastKnownFileType = sourcecode.c.objc; path = main.m; sourceTree = "<group>"; };
		61F3A5B020860A2500377E8A /* pg11fitnessTests.xctest */ = {isa = PBXFileReference; explicitFileType = wrapper.cfbundle; includeInIndex = 0; path = pg11fitnessTests.xctest; sourceTree = BUILT_PRODUCTS_DIR; };
		61F3A5B420860A2500377E8A /* pg11fitnessTests.m */ = {isa = PBXFileReference; lastKnownFileType = sourcecode.c.objc; path = pg11fitnessTests.m; sourceTree = "<group>"; };
		61F3A5B620860A2500377E8A /* Info.plist */ = {isa = PBXFileReference; lastKnownFileType = text.plist.xml; path = Info.plist; sourceTree = "<group>"; };
		61F3A5BB20860A2500377E8A /* pg11fitnessUITests.xctest */ = {isa = PBXFileReference; explicitFileType = wrapper.cfbundle; includeInIndex = 0; path = pg11fitnessUITests.xctest; sourceTree = BUILT_PRODUCTS_DIR; };
		61F3A5BF20860A2500377E8A /* pg11fitnessUITests.m */ = {isa = PBXFileReference; lastKnownFileType = sourcecode.c.objc; path = pg11fitnessUITests.m; sourceTree = "<group>"; };
		61F3A5C120860A2500377E8A /* Info.plist */ = {isa = PBXFileReference; lastKnownFileType = text.plist.xml; path = Info.plist; sourceTree = "<group>"; };
		61F3A5CD20860A3600377E8A /* 3.png */ = {isa = PBXFileReference; lastKnownFileType = image.png; path = 3.png; sourceTree = "<group>"; };
		61F3A5CE20860A3600377E8A /* 5.png */ = {isa = PBXFileReference; lastKnownFileType = image.png; path = 5.png; sourceTree = "<group>"; };
		61F3A5D120860A3600377E8A /* 4.png */ = {isa = PBXFileReference; lastKnownFileType = image.png; path = 4.png; sourceTree = "<group>"; };
/* End PBXFileReference section */

/* Begin PBXFrameworksBuildPhase section */
		61F3A59520860A2500377E8A /* Frameworks */ = {
			isa = PBXFrameworksBuildPhase;
			buildActionMask = 2147483647;
			files = (
			);
			runOnlyForDeploymentPostprocessing = 0;
		};
		61F3A5AD20860A2500377E8A /* Frameworks */ = {
			isa = PBXFrameworksBuildPhase;
			buildActionMask = 2147483647;
			files = (
			);
			runOnlyForDeploymentPostprocessing = 0;
		};
		61F3A5B820860A2500377E8A /* Frameworks */ = {
			isa = PBXFrameworksBuildPhase;
			buildActionMask = 2147483647;
			files = (
			);
			runOnlyForDeploymentPostprocessing = 0;
		};
/* End PBXFrameworksBuildPhase section */

/* Begin PBXGroup section */
		61F3A58F20860A2500377E8A = {
			isa = PBXGroup;
			children = (
				61F3A59A20860A2500377E8A /* pg11fitness */,
				61F3A5B320860A2500377E8A /* pg11fitnessTests */,
				61F3A5BE20860A2500377E8A /* pg11fitnessUITests */,
				61F3A59920860A2500377E8A /* Products */,
			);
			sourceTree = "<group>";
		};
		61F3A59920860A2500377E8A /* Products */ = {
			isa = PBXGroup;
			children = (
				61F3A59820860A2500377E8A /* pg11fitness.app */,
				61F3A5B020860A2500377E8A /* pg11fitnessTests.xctest */,
				61F3A5BB20860A2500377E8A /* pg11fitnessUITests.xctest */,
			);
			name = Products;
			sourceTree = "<group>";
		};
		61F3A59A20860A2500377E8A /* pg11fitness */ = {
			isa = PBXGroup;
			children = (
				61F3A59B20860A2500377E8A /* AppDelegate.h */,
				61F3A59C20860A2500377E8A /* AppDelegate.m */,
				61F3A59E20860A2500377E8A /* ViewController.h */,
				61F3A5CD20860A3600377E8A /* 3.png */,
				61F3A5D120860A3600377E8A /* 4.png */,
				61F3A5CE20860A3600377E8A /* 5.png */,
				61F3A59F20860A2500377E8A /* ViewController.m */,
				61F3A5A120860A2500377E8A /* Main.storyboard */,
				61F3A5A420860A2500377E8A /* Assets.xcassets */,
				61F3A5A620860A2500377E8A /* LaunchScreen.storyboard */,
				61F3A5A920860A2500377E8A /* Info.plist */,
				61F3A5AA20860A2500377E8A /* main.m */,
			);
			path = pg11fitness;
			sourceTree = "<group>";
		};
		61F3A5B320860A2500377E8A /* pg11fitnessTests */ = {
			isa = PBXGroup;
			children = (
				61F3A5B420860A2500377E8A /* pg11fitnessTests.m */,
				61F3A5B620860A2500377E8A /* Info.plist */,
			);
			path = pg11fitnessTests;
			sourceTree = "<group>";
		};
		61F3A5BE20860A2500377E8A /* pg11fitnessUITests */ = {
			isa = PBXGroup;
			children = (
				61F3A5BF20860A2500377E8A /* pg11fitnessUITests.m */,
				61F3A5C120860A2500377E8A /* Info.plist */,
			);
			path = pg11fitnessUITests;
			sourceTree = "<group>";
		};
/* End PBXGroup section */

/* Begin PBXNativeTarget section */
		61F3A59720860A2500377E8A /* pg11fitness */ = {
			isa = PBXNativeTarget;
			buildConfigurationList = 61F3A5C420860A2500377E8A /* Build configuration list for PBXNativeTarget "pg11fitness" */;
			buildPhases = (
				61F3A59420860A2500377E8A /* Sources */,
				61F3A59520860A2500377E8A /* Frameworks */,
				61F3A59620860A2500377E8A /* Resources */,
			);
			buildRules = (
			);
			dependencies = (
			);
			name = pg11fitness;
			productName = pg11fitness;
			productReference = 61F3A59820860A2500377E8A /* pg11fitness.app */;
			productType = "com.apple.product-type.application";
		};
		61F3A5AF20860A2500377E8A /* pg11fitnessTests */ = {
			isa = PBXNativeTarget;
			buildConfigurationList = 61F3A5C720860A2500377E8A /* Build configuration list for PBXNativeTarget "pg11fitnessTests" */;
			buildPhases = (
				61F3A5AC20860A2500377E8A /* Sources */,
				61F3A5AD20860A2500377E8A /* Frameworks */,
				61F3A5AE20860A2500377E8A /* Resources */,
			);
			buildRules = (
			);
			dependencies = (
				61F3A5B220860A2500377E8A /* PBXTargetDependency */,
			);
			name = pg11fitnessTests;
			productName = pg11fitnessTests;
			productReference = 61F3A5B020860A2500377E8A /* pg11fitnessTests.xctest */;
			productType = "com.apple.product-type.bundle.unit-test";
		};
		61F3A5BA20860A2500377E8A /* pg11fitnessUITests */ = {
			isa = PBXNativeTarget;
			buildConfigurationList = 61F3A5CA20860A2500377E8A /* Build configuration list for PBXNativeTarget "pg11fitnessUITests" */;
			buildPhases = (
				61F3A5B720860A2500377E8A /* Sources */,
				61F3A5B820860A2500377E8A /* Frameworks */,
				61F3A5B920860A2500377E8A /* Resources */,
			);
			buildRules = (
			);
			dependencies = (
				61F3A5BD20860A2500377E8A /* PBXTargetDependency */,
			);
			name = pg11fitnessUITests;
			productName = pg11fitnessUITests;
			productReference = 61F3A5BB20860A2500377E8A /* pg11fitnessUITests.xctest */;
			productType = "com.apple.product-type.bundle.ui-testing";
		};
/* End PBXNativeTarget section */

/* Begin PBXProject section */
		61F3A59020860A2500377E8A /* Project object */ = {
			isa = PBXProject;
			attributes = {
				LastUpgradeCheck = 0920;
				ORGANIZATIONNAME = neo;
				TargetAttributes = {
					61F3A59720860A2500377E8A = {
						CreatedOnToolsVersion = 9.2;
						ProvisioningStyle = Automatic;
					};
					61F3A5AF20860A2500377E8A = {
						CreatedOnToolsVersion = 9.2;
						ProvisioningStyle = Automatic;
						TestTargetID = 61F3A59720860A2500377E8A;
					};
					61F3A5BA20860A2500377E8A = {
						CreatedOnToolsVersion = 9.2;
						ProvisioningStyle = Automatic;
						TestTargetID = 61F3A59720860A2500377E8A;
					};
				};
			};
			buildConfigurationList = 61F3A59320860A2500377E8A /* Build configuration list for PBXProject "pg11fitness" */;
			compatibilityVersion = "Xcode 8.0";
			developmentRegion = en;
			hasScannedForEncodings = 0;
			knownRegions = (
				en,
				Base,
			);
			mainGroup = 61F3A58F20860A2500377E8A;
			productRefGroup = 61F3A59920860A2500377E8A /* Products */;
			projectDirPath = "";
			projectRoot = "";
			targets = (
				61F3A59720860A2500377E8A /* pg11fitness */,
				61F3A5AF20860A2500377E8A /* pg11fitnessTests */,
				61F3A5BA20860A2500377E8A /* pg11fitnessUITests */,
			);
		};
/* End PBXProject section */

/* Begin PBXResourcesBuildPhase section */
		61F3A59620860A2500377E8A /* Resources */ = {
			isa = PBXResourcesBuildPhase;
			buildActionMask = 2147483647;
			files = (
				61F3A5D320860A3600377E8A /* 5.png in Resources */,
				61F3A5A820860A2500377E8A /* LaunchScreen.storyboard in Resources */,
				61F3A5A520860A2500377E8A /* Assets.xcassets in Resources */,
				61F3A5D620860A3600377E8A /* 4.png in Resources */,
				61F3A5A320860A2500377E8A /* Main.storyboard in Resources */,
				61F3A5D220860A3600377E8A /* 3.png in Resources */,
			);
			runOnlyForDeploymentPostprocessing = 0;
		};
		61F3A5AE20860A2500377E8A /* Resources */ = {
			isa = PBXResourcesBuildPhase;
			buildActionMask = 2147483647;
			files = (
			);
			runOnlyForDeploymentPostprocessing = 0;
		};
		61F3A5B920860A2500377E8A /* Resources */ = {
			isa = PBXResourcesBuildPhase;
			buildActionMask = 2147483647;
			files = (
			);
			runOnlyForDeploymentPostprocessing = 0;
		};
/* End PBXResourcesBuildPhase section */

/* Begin PBXSourcesBuildPhase section */
		61F3A59420860A2500377E8A /* Sources */ = {
			isa = PBXSourcesBuildPhase;
			buildActionMask = 2147483647;
			files = (
				61F3A5A020860A2500377E8A /* ViewController.m in Sources */,
				61F3A5AB20860A2500377E8A /* main.m in Sources */,
				61F3A59D20860A2500377E8A /* AppDelegate.m in Sources */,
			);
			runOnlyForDeploymentPostprocessing = 0;
		};
		61F3A5AC20860A2500377E8A /* Sources */ = {
			isa = PBXSourcesBuildPhase;
			buildActionMask = 2147483647;
			files = (
				61F3A5B520860A2500377E8A /* pg11fitnessTests.m in Sources */,
			);
			runOnlyForDeploymentPostprocessing = 0;
		};
		61F3A5B720860A2500377E8A /* Sources */ = {
			isa = PBXSourcesBuildPhase;
			buildActionMask = 2147483647;
			files = (
				61F3A5C020860A2500377E8A /* pg11fitnessUITests.m in Sources */,
			);
			runOnlyForDeploymentPostprocessing = 0;
		};
/* End PBXSourcesBuildPhase section */

/* Begin PBXTargetDependency section */
		61F3A5B220860A2500377E8A /* PBXTargetDependency */ = {
			isa = PBXTargetDependency;
			target = 61F3A59720860A2500377E8A /* pg11fitness */;
			targetProxy = 61F3A5B120860A2500377E8A /* PBXContainerItemProxy */;
		};
		61F3A5BD20860A2500377E8A /* PBXTargetDependency */ = {
			isa = PBXTargetDependency;
			target = 61F3A59720860A2500377E8A /* pg11fitness */;
			targetProxy = 61F3A5BC20860A2500377E8A /* PBXContainerItemProxy */;
		};
/* End PBXTargetDependency section */

/* Begin PBXVariantGroup section */
		61F3A5A120860A2500377E8A /* Main.storyboard */ = {
			isa = PBXVariantGroup;
			children = (
				61F3A5A220860A2500377E8A /* Base */,
			);
			name = Main.storyboard;
			sourceTree = "<group>";
		};
		61F3A5A620860A2500377E8A /* LaunchScreen.storyboard */ = {
			isa = PBXVariantGroup;
			children = (
				61F3A5A720860A2500377E8A /* Base */,
			);
			name = LaunchScreen.storyboard;
			sourceTree = "<group>";
		};
/* End PBXVariantGroup section */

/* Begin XCBuildConfiguration section */
		61F3A5C220860A2500377E8A /* Debug */ = {
			isa = XCBuildConfiguration;
			buildSettings = {
				ALWAYS_SEARCH_USER_PATHS = NO;
				CLANG_ANALYZER_NONNULL = YES;
				CLANG_ANALYZER_NUMBER_OBJECT_CONVERSION = YES_AGGRESSIVE;
				CLANG_CXX_LANGUAGE_STANDARD = "gnu++14";
				CLANG_CXX_LIBRARY = "libc++";
				CLANG_ENABLE_MODULES = YES;
				CLANG_ENABLE_OBJC_ARC = YES;
				CLANG_WARN_BLOCK_CAPTURE_AUTORELEASING = YES;
				CLANG_WARN_BOOL_CONVERSION = YES;
				CLANG_WARN_COMMA = YES;
				CLANG_WARN_CONSTANT_CONVERSION = YES;
				CLANG_WARN_DIRECT_OBJC_ISA_USAGE = YES_ERROR;
				CLANG_WARN_DOCUMENTATION_COMMENTS = YES;
				CLANG_WARN_EMPTY_BODY = YES;
				CLANG_WARN_ENUM_CONVERSION = YES;
				CLANG_WARN_INFINITE_RECURSION = YES;
				CLANG_WARN_INT_CONVERSION = YES;
				CLANG_WARN_NON_LITERAL_NULL_CONVERSION = YES;
				CLANG_WARN_OBJC_LITERAL_CONVERSION = YES;
				CLANG_WARN_OBJC_ROOT_CLASS = YES_ERROR;
				CLANG_WARN_RANGE_LOOP_ANALYSIS = YES;
				CLANG_WARN_STRICT_PROTOTYPES = YES;
				CLANG_WARN_SUSPICIOUS_MOVE = YES;
				CLANG_WARN_UNGUARDED_AVAILABILITY = YES_AGGRESSIVE;
				CLANG_WARN_UNREACHABLE_CODE = YES;
				CLANG_WARN__DUPLICATE_METHOD_MATCH = YES;
				CODE_SIGN_IDENTITY = "iPhone Developer";
				COPY_PHASE_STRIP = NO;
				DEBUG_INFORMATION_FORMAT = dwarf;
				ENABLE_STRICT_OBJC_MSGSEND = YES;
				ENABLE_TESTABILITY = YES;
				GCC_C_LANGUAGE_STANDARD = gnu11;
				GCC_DYNAMIC_NO_PIC = NO;
				GCC_NO_COMMON_BLOCKS = YES;
				GCC_OPTIMIZATION_LEVEL = 0;
				GCC_PREPROCESSOR_DEFINITIONS = (
					"DEBUG=1",
					"$(inherited)",
				);
				GCC_WARN_64_TO_32_BIT_CONVERSION = YES;
				GCC_WARN_ABOUT_RETURN_TYPE = YES_ERROR;
				GCC_WARN_UNDECLARED_SELECTOR = YES;
				GCC_WARN_UNINITIALIZED_AUTOS = YES_AGGRESSIVE;
				GCC_WARN_UNUSED_FUNCTION = YES;
				GCC_WARN_UNUSED_VARIABLE = YES;
				IPHONEOS_DEPLOYMENT_TARGET = 11.2;
				MTL_ENABLE_DEBUG_INFO = YES;
				ONLY_ACTIVE_ARCH = YES;
				SDKROOT = iphoneos;
			};
			name = Debug;
		};
		61F3A5C320860A2500377E8A /* Release */ = {
			isa = XCBuildConfiguration;
			buildSettings = {
				ALWAYS_SEARCH_USER_PATHS = NO;
				CLANG_ANALYZER_NONNULL = YES;
				CLANG_ANALYZER_NUMBER_OBJECT_CONVERSION = YES_AGGRESSIVE;
				CLANG_CXX_LANGUAGE_STANDARD = "gnu++14";
				CLANG_CXX_LIBRARY = "libc++";
				CLANG_ENABLE_MODULES = YES;
				CLANG_ENABLE_OBJC_ARC = YES;
				CLANG_WARN_BLOCK_CAPTURE_AUTORELEASING = YES;
				CLANG_WARN_BOOL_CONVERSION = YES;
				CLANG_WARN_COMMA = YES;
				CLANG_WARN_CONSTANT_CONVERSION = YES;
				CLANG_WARN_DIRECT_OBJC_ISA_USAGE = YES_ERROR;
				CLANG_WARN_DOCUMENTATION_COMMENTS = YES;
				CLANG_WARN_EMPTY_BODY = YES;
				CLANG_WARN_ENUM_CONVERSION = YES;
				CLANG_WARN_INFINITE_RECURSION = YES;
				CLANG_WARN_INT_CONVERSION = YES;
				CLANG_WARN_NON_LITERAL_NULL_CONVERSION = YES;
				CLANG_WARN_OBJC_LITERAL_CONVERSION = YES;
				CLANG_WARN_OBJC_ROOT_CLASS = YES_ERROR;
				CLANG_WARN_RANGE_LOOP_ANALYSIS = YES;
				CLANG_WARN_STRICT_PROTOTYPES = YES;
				CLANG_WARN_SUSPICIOUS_MOVE = YES;
				CLANG_WARN_UNGUARDED_AVAILABILITY = YES_AGGRESSIVE;
				CLANG_WARN_UNREACHABLE_CODE = YES;
				CLANG_WARN__DUPLICATE_METHOD_MATCH = YES;
				CODE_SIGN_IDENTITY = "iPhone Developer";
				COPY_PHASE_STRIP = NO;
				DEBUG_INFORMATION_FORMAT = "dwarf-with-dsym";
				ENABLE_NS_ASSERTIONS = NO;
				ENABLE_STRICT_OBJC_MSGSEND = YES;
				GCC_C_LANGUAGE_STANDARD = gnu11;
				GCC_NO_COMMON_BLOCKS = YES;
				GCC_WARN_64_TO_32_BIT_CONVERSION = YES;
				GCC_WARN_ABOUT_RETURN_TYPE = YES_ERROR;
				GCC_WARN_UNDECLARED_SELECTOR = YES;
				GCC_WARN_UNINITIALIZED_AUTOS = YES_AGGRESSIVE;
				GCC_WARN_UNUSED_FUNCTION = YES;
				GCC_WARN_UNUSED_VARIABLE = YES;
				IPHONEOS_DEPLOYMENT_TARGET = 11.2;
				MTL_ENABLE_DEBUG_INFO = NO;
				SDKROOT = iphoneos;
				VALIDATE_PRODUCT = YES;
			};
			name = Release;
		};
		61F3A5C520860A2500377E8A /* Debug */ = {
			isa = XCBuildConfiguration;
			buildSettings = {
				ASSETCATALOG_COMPILER_APPICON_NAME = AppIcon;
				CODE_SIGN_STYLE = Automatic;
				DEVELOPMENT_TEAM = 7EC8VJYFX3;
				INFOPLIST_FILE = pg11fitness/Info.plist;
				LD_RUNPATH_SEARCH_PATHS = "$(inherited) @executable_path/Frameworks";
				PRODUCT_BUNDLE_IDENTIFIER = com.RD.voithDMS.pg11fitness;
				PRODUCT_NAME = "$(TARGET_NAME)";
				TARGETED_DEVICE_FAMILY = "1,2";
			};
			name = Debug;
		};
		61F3A5C620860A2500377E8A /* Release */ = {
			isa = XCBuildConfiguration;
			buildSettings = {
				ASSETCATALOG_COMPILER_APPICON_NAME = AppIcon;
				CODE_SIGN_STYLE = Automatic;
				DEVELOPMENT_TEAM = 7EC8VJYFX3;
				INFOPLIST_FILE = pg11fitness/Info.plist;
				LD_RUNPATH_SEARCH_PATHS = "$(inherited) @executable_path/Frameworks";
				PRODUCT_BUNDLE_IDENTIFIER = com.RD.voithDMS.pg11fitness;
				PRODUCT_NAME = "$(TARGET_NAME)";
				TARGETED_DEVICE_FAMILY = "1,2";
			};
			name = Release;
		};
		61F3A5C820860A2500377E8A /* Debug */ = {
			isa = XCBuildConfiguration;
			buildSettings = {
				BUNDLE_LOADER = "$(TEST_HOST)";
				CODE_SIGN_STYLE = Automatic;
				DEVELOPMENT_TEAM = 7EC8VJYFX3;
				INFOPLIST_FILE = pg11fitnessTests/Info.plist;
				LD_RUNPATH_SEARCH_PATHS = "$(inherited) @executable_path/Frameworks @loader_path/Frameworks";
				PRODUCT_BUNDLE_IDENTIFIER = com.RD.voithDMS.pg11fitnessTests;
				PRODUCT_NAME = "$(TARGET_NAME)";
				TARGETED_DEVICE_FAMILY = "1,2";
				TEST_HOST = "$(BUILT_PRODUCTS_DIR)/pg11fitness.app/pg11fitness";
			};
			name = Debug;
		};
		61F3A5C920860A2500377E8A /* Release */ = {
			isa = XCBuildConfiguration;
			buildSettings = {
				BUNDLE_LOADER = "$(TEST_HOST)";
				CODE_SIGN_STYLE = Automatic;
				DEVELOPMENT_TEAM = 7EC8VJYFX3;
				INFOPLIST_FILE = pg11fitnessTests/Info.plist;
				LD_RUNPATH_SEARCH_PATHS = "$(inherited) @executable_path/Frameworks @loader_path/Frameworks";
				PRODUCT_BUNDLE_IDENTIFIER = com.RD.voithDMS.pg11fitnessTests;
				PRODUCT_NAME = "$(TARGET_NAME)";
				TARGETED_DEVICE_FAMILY = "1,2";
				TEST_HOST = "$(BUILT_PRODUCTS_DIR)/pg11fitness.app/pg11fitness";
			};
			name = Release;
		};
		61F3A5CB20860A2500377E8A /* Debug */ = {
			isa = XCBuildConfiguration;
			buildSettings = {
				CODE_SIGN_STYLE = Automatic;
				DEVELOPMENT_TEAM = 7EC8VJYFX3;
				INFOPLIST_FILE = pg11fitnessUITests/Info.plist;
				LD_RUNPATH_SEARCH_PATHS = "$(inherited) @executable_path/Frameworks @loader_path/Frameworks";
				PRODUCT_BUNDLE_IDENTIFIER = com.RD.voithDMS.pg11fitnessUITests;
				PRODUCT_NAME = "$(TARGET_NAME)";
				TARGETED_DEVICE_FAMILY = "1,2";
				TEST_TARGET_NAME = pg11fitness;
			};
			name = Debug;
		};
		61F3A5CC20860A2500377E8A /* Release */ = {
			isa = XCBuildConfiguration;
			buildSettings = {
				CODE_SIGN_STYLE = Automatic;
				DEVELOPMENT_TEAM = 7EC8VJYFX3;
				INFOPLIST_FILE = pg11fitnessUITests/Info.plist;
				LD_RUNPATH_SEARCH_PATHS = "$(inherited) @executable_path/Frameworks @loader_path/Frameworks";
				PRODUCT_BUNDLE_IDENTIFIER = com.RD.voithDMS.pg11fitnessUITests;
				PRODUCT_NAME = "$(TARGET_NAME)";
				TARGETED_DEVICE_FAMILY = "1,2";
				TEST_TARGET_NAME = pg11fitness;
			};
			name = Release;
		};
/* End XCBuildConfiguration section */

/* Begin XCConfigurationList section */
		61F3A59320860A2500377E8A /* Build configuration list for PBXProject "pg11fitness" */ = {
			isa = XCConfigurationList;
			buildConfigurations = (
				61F3A5C220860A2500377E8A /* Debug */,
				61F3A5C320860A2500377E8A /* Release */,
			);
			defaultConfigurationIsVisible = 0;
			defaultConfigurationName = Release;
		};
		61F3A5C420860A2500377E8A /* Build configuration list for PBXNativeTarget "pg11fitness" */ = {
			isa = XCConfigurationList;
			buildConfigurations = (
				61F3A5C520860A2500377E8A /* Debug */,
				61F3A5C620860A2500377E8A /* Release */,
			);
			defaultConfigurationIsVisible = 0;
			defaultConfigurationName = Release;
		};
		61F3A5C720860A2500377E8A /* Build configuration list for PBXNativeTarget "pg11fitnessTests" */ = {
			isa = XCConfigurationList;
			buildConfigurations = (
				61F3A5C820860A2500377E8A /* Debug */,
				61F3A5C920860A2500377E8A /* Release */,
			);
			defaultConfigurationIsVisible = 0;
			defaultConfigurationName = Release;
		};
		61F3A5CA20860A2500377E8A /* Build configuration list for PBXNativeTarget "pg11fitnessUITests" */ = {
			isa = XCConfigurationList;
			buildConfigurations = (
				61F3A5CB20860A2500377E8A /* Debug */,
				61F3A5CC20860A2500377E8A /* Release */,
			);
			defaultConfigurationIsVisible = 0;
			defaultConfigurationName = Release;
		};
/* End XCConfigurationList section */
	};
	rootObject = 61F3A59020860A2500377E8A /* Project object */;
}
